{
  "name": "@interchainjs/types",
  "version": "1.9.13",
  "lockfileVersion": 3,
  "requires": true,
  "packages": {
    "": {
      "name": "@interchainjs/types",
      "version": "1.9.13",
      "license": "MIT",
      "dependencies": {
        "decimal.js": "^10.4.3"
      }
    },
    "node_modules/decimal.js": {
      "version": "10.5.0",
      "resolved": "https://registry.npmjs.org/decimal.js/-/decimal.js-10.5.0.tgz",
      "integrity": "sha512-8vDa8Qxvr/+d94hSh5P3IJwI5t8/c0KsMp+g8bNw9cY2icONa5aPfvKeieW1WlG0WQYwwhJ7mjui2xtiePQSXw==",
      "license": "MIT"
    }
  }
}
