{
  "name": "@interchainjs/cosmos-types",
  "version": "1.9.13",
  "lockfileVersion": 3,
  "requires": true,
  "packages": {
    "": {
      "name": "@interchainjs/cosmos-types",
      "version": "1.9.13",
      "license": "MIT",
      "dependencies": {
        "@interchainjs/types": "1.9.13",
        "@interchainjs/utils": "1.9.13"
      }
    },
    "node_modules/@chain-registry/v2": {
      "version": "1.71.71",
      "resolved": "https://registry.npmjs.org/@chain-registry/v2/-/v2-1.71.71.tgz",
      "integrity": "sha512-JdzJHRduw58io8ZOKy7mnAt9oFJqWSa5Bn5srWXG5326ztUCe1MLd9yZMMCos57mc4UFrOJm8Gr9V7lKtEZvjQ==",
      "license": "SEE LICENSE IN LICENSE",
      "dependencies": {
        "@chain-registry/v2-types": "^0.53.40"
      }
    },
    "node_modules/@chain-registry/v2-types": {
      "version": "0.53.72",
      "resolved": "https://registry.npmjs.org/@chain-registry/v2-types/-/v2-types-0.53.72.tgz",
      "integrity": "sha512-HIbDFK0R1aZTbXdTN7FOZI+z3lHt4ZQWRYDctUk3IwvGxOC04gYCa45SfsHx4YpqALXa0hu9Acj5fUSp4mnZ5w==",
      "license": "SEE LICENSE IN LICENSE"
    },
    "node_modules/@interchainjs/types": {
      "version": "1.9.13",
      "resolved": "https://registry.npmjs.org/@interchainjs/types/-/types-1.9.13.tgz",
      "integrity": "sha512-JAf5Dvl3ue1z4DQf9IwWfYqIH9Nb/bjpDns6y8kylGgyzHjtp/y6ZigyYBhd3t7Ll/l2l0NSEPXTIpbLhzB2+w==",
      "license": "MIT",
      "dependencies": {
        "decimal.js": "^10.4.3"
      }
    },
    "node_modules/@interchainjs/utils": {
      "version": "1.9.13",
      "resolved": "https://registry.npmjs.org/@interchainjs/utils/-/utils-1.9.13.tgz",
      "integrity": "sha512-PprGTnbhiNis6LRQlrVnn0p5B4nmB4kyIcleeJSTf9n0sFB6SBISa46s1bTJotYTbxfRqVY2/FN8SHi7nErMIQ==",
      "license": "MIT",
      "dependencies": {
        "@chain-registry/v2": "1.71.71",
        "@chain-registry/v2-types": "0.53.72",
        "@interchainjs/types": "1.9.13",
        "bech32": "^2.0.0",
        "decimal.js": "^10.4.3"
      }
    },
    "node_modules/bech32": {
      "version": "2.0.0",
      "resolved": "https://registry.npmjs.org/bech32/-/bech32-2.0.0.tgz",
      "integrity": "sha512-LcknSilhIGatDAsY1ak2I8VtGaHNhgMSYVxFrGLXv+xLHytaKZKcaUJJUE7qmBr7h33o5YQwP55pMI0xmkpJwg==",
      "license": "MIT"
    },
    "node_modules/decimal.js": {
      "version": "10.5.0",
      "resolved": "https://registry.npmjs.org/decimal.js/-/decimal.js-10.5.0.tgz",
      "integrity": "sha512-8vDa8Qxvr/+d94hSh5P3IJwI5t8/c0KsMp+g8bNw9cY2icONa5aPfvKeieW1WlG0WQYwwhJ7mjui2xtiePQSXw==",
      "license": "MIT"
    }
  }
}
